# This lock file was generated by conda-lock (https://github.com/conda-incubator/conda-lock). DO NOT EDIT!
#
# A "lock file" contains a concrete list of package versions (with checksums) to be installed. Unlike
# e.g. `conda env create`, the resulting environment will not change as new package versions become
# available, unless you explicitly update the lock file.
#
# Install this environment as "YOURENV" with:
#     conda-lock install -n YOURENV --file conda-lock.yml
# To update a single package to the latest version compatible with the version constraints in the source:
#     conda-lock lock --lockfile conda-lock.yml --update PACKAGE
# To re-solve the entire environment, e.g. after changing a version constraint in the source file:
#     conda-lock -f environment-cryocloud.yml --lockfile conda-lock.yml
metadata:
  channels:
  - url: conda-forge
    used_env_vars: []
  - url: nodefaults
    used_env_vars: []
  content_hash:
    linux-64: 204146c4e8e9700bf19770089d10b073f3e20b78059e22fde23fbe9b39849f7c
  platforms:
  - linux-64
  sources:
  - environment-cryocloud.yml
package:
- category: main
  dependencies: {}
  hash:
    md5: d7c89558ba9fa0495403155b64376d81
    sha256: fe51de6107f9edc7aa4f786a70f4a883943bc9d39b3bb7307c04c41410990726
  manager: conda
  name: _libgcc_mutex
  optional: false
  platform: linux-64
  url: https://conda.anaconda.org/conda-forge/linux-64/_libgcc_mutex-0.1-conda_forge.tar.bz2
  version: '0.1'
- category: main
  dependencies: {}
  hash:
    md5: 41e4e87062433e283696cf384f952ef6
    sha256: 058355034667e77d15389700f6b2364cc74efce0af63a418eacc1ce252458942
  manager: conda
  name: ca-certificates
  optional: false
  platform: linux-64
  url: https://conda.anaconda.org/conda-forge/linux-64/ca-certificates-2022.9.24-ha878542_0.tar.bz2
  version: 2022.9.24
- category: main
  dependencies: {}
  hash:
    md5: 737be0d34c22d24432049ab7a3214de4
    sha256: 3e7f203e33ea497b6e468279cc5fdef7d556473c25e7466b35fd672940392469
  manager: conda
  name: ld_impl_linux-64
  optional: false
  platform: linux-64
  url: https://conda.anaconda.org/conda-forge/linux-64/ld_impl_linux-64-2.39-hcc3a1bd_1.conda
  version: '2.39'
- category: main
  dependencies: {}
  hash:
    md5: e366350e2343a798e29833286abe2560
    sha256: 419eaff0d20f418974ca27a40bc871bbe48217dba05936f147a574eb5f079005
  manager: conda
  name: tzdata
  optional: false
  platform: linux-64
  url: https://conda.anaconda.org/conda-forge/noarch/tzdata-2022f-h191b570_0.tar.bz2
  version: 2022f
- category: main
  dependencies:
    _libgcc_mutex: 0.1 conda_forge
  hash:
    md5: cedcee7c064c01c403f962c9e8d3c373
    sha256: 81a76d20cfdee9fe0728b93ef057ba93494fd1450d42bc3717af4e468235661e
  manager: conda
  name: libgomp
  optional: false
  platform: linux-64
  url: https://conda.anaconda.org/conda-forge/linux-64/libgomp-12.2.0-h65d4601_19.tar.bz2
  version: 12.2.0
- category: main
  dependencies:
    _libgcc_mutex: 0.1 conda_forge
    libgomp: '>=7.5.0'
  hash:
    md5: 73aaf86a425cc6e73fcf236a5a46396d
    sha256: fbe2c5e56a653bebb982eda4876a9178aedfc2b545f25d0ce9c4c0b508253d22
  manager: conda
  name: _openmp_mutex
  optional: false
  platform: linux-64
  url: https://conda.anaconda.org/conda-forge/linux-64/_openmp_mutex-4.5-2_gnu.tar.bz2
  version: '4.5'
- category: main
  dependencies:
    _libgcc_mutex: 0.1 conda_forge
    _openmp_mutex: '>=4.5'
  hash:
    md5: e4c94f80aef025c17ab0828cd85ef535
    sha256: f3899c26824cee023f1e360bd0859b0e149e2b3e8b1668bc6dd04bfc70dcd659
  manager: conda
  name: libgcc-ng
  optional: false
  platform: linux-64
  url: https://conda.anaconda.org/conda-forge/linux-64/libgcc-ng-12.2.0-h65d4601_19.tar.bz2
  version: 12.2.0
- category: main
  dependencies:
    libgcc-ng: '>=9.3.0'
  hash:
    md5: a1fd65c7ccbf10880423d82bca54eb54
    sha256: cb521319804640ff2ad6a9f118d972ed76d86bea44e5626c09a13d38f562e1fa
  manager: conda
  name: bzip2
  optional: false
  platform: linux-64
  url: https://conda.anaconda.org/conda-forge/linux-64/bzip2-1.0.8-h7f98852_4.tar.bz2
  version: 1.0.8
- category: main
  dependencies:
    libgcc-ng: '>=9.4.0'
  hash:
    md5: d645c6d2ac96843a2bfaccd2d62b3ac3
    sha256: ab6e9856c21709b7b517e940ae7028ae0737546122f83c2aa5d692860c3b149e
  manager: conda
  name: libffi
  optional: false
  platform: linux-64
  url: https://conda.anaconda.org/conda-forge/linux-64/libffi-3.4.2-h7f98852_5.tar.bz2
  version: 3.4.2
- category: main
  dependencies:
    libgcc-ng: '>=9.4.0'
  hash:
    md5: 39b1328babf85c7c3a61636d9cd50206
    sha256: 32f4fb94d99946b0dabfbbfd442b25852baf909637f2eed1ffe3baea15d02aad
  manager: conda
  name: libnsl
  optional: false
  platform: linux-64
  url: https://conda.anaconda.org/conda-forge/linux-64/libnsl-2.0.0-h7f98852_0.tar.bz2
  version: 2.0.0
- category: main
  dependencies:
    libgcc-ng: '>=9.3.0'
  hash:
    md5: 772d69f030955d9646d3d0eaf21d859d
    sha256: 54f118845498353c936826f8da79b5377d23032bcac8c4a02de2019e26c3f6b3
  manager: conda
  name: libuuid
  optional: false
  platform: linux-64
  url: https://conda.anaconda.org/conda-forge/linux-64/libuuid-2.32.1-h7f98852_1000.tar.bz2
  version: 2.32.1
- category: main
  dependencies:
    libgcc-ng: '>=12'
  hash:
    md5: f3f9de449d32ca9b9c66a22863c96f41
    sha256: 22f3663bcf294d349327e60e464a51cd59664a71b8ed70c28a9f512d10bc77dd
  manager: conda
  name: libzlib
  optional: false
  platform: linux-64
  url: https://conda.anaconda.org/conda-forge/linux-64/libzlib-1.2.13-h166bdaf_4.tar.bz2
  version: 1.2.13
- category: main
  dependencies:
    libgcc-ng: '>=10.3.0'
  hash:
    md5: 4acfc691e64342b9dae57cf2adc63238
    sha256: b801e8cf4b2c9a30bce5616746c6c2a4e36427f045b46d9fc08a4ed40a9f7065
  manager: conda
  name: ncurses
  optional: false
  platform: linux-64
  url: https://conda.anaconda.org/conda-forge/linux-64/ncurses-6.3-h27087fc_1.tar.bz2
  version: '6.3'
- category: main
  dependencies:
    ca-certificates: ''
    libgcc-ng: '>=12'
  hash:
    md5: d1ad1824c71e67dea42f07e06cd177dc
    sha256: 67fc8e91186ada002682bdd125e1ceece884ba309c68e9c5c981e8412196d226
  manager: conda
  name: openssl
  optional: false
  platform: linux-64
  url: https://conda.anaconda.org/conda-forge/linux-64/openssl-3.0.7-h166bdaf_0.tar.bz2
  version: 3.0.7
- category: main
  dependencies:
    libgcc-ng: '>=12'
  hash:
    md5: 2161070d867d1b1204ea749c8eec4ef0
    sha256: 03a6d28ded42af8a347345f82f3eebdd6807a08526d47899a42d62d319609162
  manager: conda
  name: xz
  optional: false
  platform: linux-64
  url: https://conda.anaconda.org/conda-forge/linux-64/xz-5.2.6-h166bdaf_0.tar.bz2
  version: 5.2.6
- category: main
  dependencies:
    libgcc-ng: '>=12'
    libzlib: '>=1.2.13,<1.3.0a0'
  hash:
    md5: 2e5f9a37d487e1019fd4d8113adb2f9f
    sha256: 6008a0b914bd1a3510a3dba38eada93aa0349ebca3a21e5fa276833c8205bf49
  manager: conda
  name: libsqlite
  optional: false
  platform: linux-64
  url: https://conda.anaconda.org/conda-forge/linux-64/libsqlite-3.40.0-h753d276_0.tar.bz2
  version: 3.40.0
- category: main
  dependencies:
    libgcc-ng: '>=12'
    ncurses: '>=6.3,<7.0a0'
  hash:
    md5: db2ebbe2943aae81ed051a6a9af8e0fa
    sha256: f5f383193bdbe01c41cb0d6f99fec68e820875e842e6e8b392dbe1a9b6c43ed8
  manager: conda
  name: readline
  optional: false
  platform: linux-64
  url: https://conda.anaconda.org/conda-forge/linux-64/readline-8.1.2-h0f457ee_0.tar.bz2
  version: 8.1.2
- category: main
  dependencies:
    libgcc-ng: '>=9.4.0'
    libzlib: '>=1.2.11,<1.3.0a0'
  hash:
    md5: 5b8c42eb62e9fc961af70bdd6a26e168
    sha256: 032fd769aad9d4cad40ba261ab222675acb7ec951a8832455fce18ef33fa8df0
  manager: conda
  name: tk
  optional: false
  platform: linux-64
  url: https://conda.anaconda.org/conda-forge/linux-64/tk-8.6.12-h27826a3_0.tar.bz2
  version: 8.6.12
- category: main
  dependencies:
    bzip2: '>=1.0.8,<2.0a0'
    ld_impl_linux-64: '>=2.36.1'
    libffi: '>=3.4,<4.0a0'
    libgcc-ng: '>=12'
    libnsl: '>=2.0.0,<2.1.0a0'
    libsqlite: '>=3.40.0,<4.0a0'
    libuuid: '>=2.32.1,<3.0a0'
    libzlib: '>=1.2.13,<1.3.0a0'
    ncurses: '>=6.3,<7.0a0'
    openssl: '>=3.0.7,<4.0a0'
    readline: '>=8.1.2,<9.0a0'
    tk: '>=8.6.12,<8.7.0a0'
    tzdata: ''
    xz: '>=5.2.6,<6.0a0'
  hash:
    md5: be2a6d78752c2ab85f360ce37d2c64e2
    sha256: 79cc250d8f85da29c7a06116a51db4c9efbd46f62f21daef6cf10e8bccdc0523
  manager: conda
  name: python
  optional: false
  platform: linux-64
  url: https://conda.anaconda.org/conda-forge/linux-64/python-3.10.8-h4a9ceb5_0_cpython.conda
  version: 3.10.8
version: 1
